// !$*UTF8*$!
{
	archiveVersion = 1;
	classes = {
	};
	objectVersion = 50;
	objects = {

/* Begin PBXBuildFile section */
		F161253925CFA53A008C1561 /* TextViews.swift in Sources */ = {isa = PBXBuildFile; fileRef = F161253825CFA539008C1561 /* TextViews.swift */; };
		F161253D25CFA540008C1561 /* Shapes.swift in Sources */ = {isa = PBXBuildFile; fileRef = F161253C25CFA540008C1561 /* Shapes.swift */; };
		F16925C925AC0D62004138C3 /* Game.swift in Sources */ = {isa = PBXBuildFile; fileRef = F16925C825AC0D62004138C3 /* Game.swift */; };
		F16925D225AC1707004138C3 /* BullsEyeTests.swift in Sources */ = {isa = PBXBuildFile; fileRef = F16925D125AC1707004138C3 /* BullsEyeTests.swift */; };
		F1F8188225A7B4B600BF8EB3 /* BullsEyeApp.swift in Sources */ = {isa = PBXBuildFile; fileRef = F1F8188125A7B4B600BF8EB3 /* BullsEyeApp.swift */; };
		F1F8188425A7B4B600BF8EB3 /* ContentView.swift in Sources */ = {isa = PBXBuildFile; fileRef = F1F8188325A7B4B600BF8EB3 /* ContentView.swift */; };
		F1F8188625A7B4B700BF8EB3 /* Assets.xcassets in Resources */ = {isa = PBXBuildFile; fileRef = F1F8188525A7B4B700BF8EB3 /* Assets.xcassets */; };
		F1F8188925A7B4B700BF8EB3 /* Preview Assets.xcassets in Resources */ = {isa = PBXBuildFile; fileRef = F1F8188825A7B4B700BF8EB3 /* Preview Assets.xcassets */; };
/* End PBXBuildFile section */

/* Begin PBXContainerItemProxy section */
		F16925D425AC1707004138C3 /* PBXContainerItemProxy */ = {
			isa = PBXContainerItemProxy;
			containerPortal = F1F8187625A7B4B500BF8EB3 /* Project object */;
			proxyType = 1;
			remoteGlobalIDString = F1F8187D25A7B4B600BF8EB3;
			remoteInfo = BullsEye;
		};
/* End PBXContainerItemProxy section */

/* Begin PBXFileReference section */
		F161253825CFA539008C1561 /* TextViews.swift */ = {isa = PBXFileReference; fileEncoding = 4; lastKnownFileType = sourcecode.swift; path = TextViews.swift; sourceTree = "<group>"; };
		F161253C25CFA540008C1561 /* Shapes.swift */ = {isa = PBXFileReference; fileEncoding = 4; lastKnownFileType = sourcecode.swift; path = Shapes.swift; sourceTree = "<group>"; };
		F16925C825AC0D62004138C3 /* Game.swift */ = {isa = PBXFileReference; lastKnownFileType = sourcecode.swift; path = Game.swift; sourceTree = "<group>"; };
		F16925CF25AC1707004138C3 /* BullsEyeTests.xctest */ = {isa = PBXFileReference; explicitFileType = wrapper.cfbundle; includeInIndex = 0; path = BullsEyeTests.xctest; sourceTree = BUILT_PRODUCTS_DIR; };
		F16925D125AC1707004138C3 /* BullsEyeTests.swift */ = {isa = PBXFileReference; lastKnownFileType = sourcecode.swift; path = BullsEyeTests.swift; sourceTree = "<group>"; };
		F16925D325AC1707004138C3 /* Info.plist */ = {isa = PBXFileReference; lastKnownFileType = text.plist.xml; path = Info.plist; sourceTree = "<group>"; };
		F1F8187E25A7B4B600BF8EB3 /* BullsEye.app */ = {isa = PBXFileReference; explicitFileType = wrapper.application; includeInIndex = 0; path = BullsEye.app; sourceTree = BUILT_PRODUCTS_DIR; };
		F1F8188125A7B4B600BF8EB3 /* BullsEyeApp.swift */ = {isa = PBXFileReference; lastKnownFileType = sourcecode.swift; path = BullsEyeApp.swift; sourceTree = "<group>"; };
		F1F8188325A7B4B600BF8EB3 /* ContentView.swift */ = {isa = PBXFileReference; lastKnownFileType = sourcecode.swift; path = ContentView.swift; sourceTree = "<group>"; };
		F1F8188525A7B4B700BF8EB3 /* Assets.xcassets */ = {isa = PBXFileReference; lastKnownFileType = folder.assetcatalog; path = Assets.xcassets; sourceTree = "<group>"; };
		F1F8188825A7B4B700BF8EB3 /* Preview Assets.xcassets */ = {isa = PBXFileReference; lastKnownFileType = folder.assetcatalog; path = "Preview Assets.xcassets"; sourceTree = "<group>"; };
		F1F8188A25A7B4B700BF8EB3 /* Info.plist */ = {isa = PBXFileReference; lastKnownFileType = text.plist.xml; path = Info.plist; sourceTree = "<group>"; };
/* End PBXFileReference section */

/* Begin PBXFrameworksBuildPhase section */
		F16925CC25AC1707004138C3 /* Frameworks */ = {
			isa = PBXFrameworksBuildPhase;
			buildActionMask = 2147483647;
			files = (
			);
			runOnlyForDeploymentPostprocessing = 0;
		};
		F1F8187B25A7B4B600BF8EB3 /* Frameworks */ = {
			isa = PBXFrameworksBuildPhase;
			buildActionMask = 2147483647;
			files = (
			);
			runOnlyForDeploymentPostprocessing = 0;
		};
/* End PBXFrameworksBuildPhase section */

/* Begin PBXGroup section */
		F16925C325AC0C82004138C3 /* Models */ = {
			isa = PBXGroup;
			children = (
				F16925C825AC0D62004138C3 /* Game.swift */,
			);
			path = Models;
			sourceTree = "<group>";
		};
		F16925C425AC0C96004138C3 /* Views */ = {
			isa = PBXGroup;
			children = (
				F1F8188325A7B4B600BF8EB3 /* ContentView.swift */,
				F161253825CFA539008C1561 /* TextViews.swift */,
				F161253C25CFA540008C1561 /* Shapes.swift */,
			);
			path = Views;
			sourceTree = "<group>";
		};
		F16925C525AC0CA2004138C3 /* App */ = {
			isa = PBXGroup;
			children = (
				F1F8188125A7B4B600BF8EB3 /* BullsEyeApp.swift */,
				F1F8188525A7B4B700BF8EB3 /* Assets.xcassets */,
				F1F8188A25A7B4B700BF8EB3 /* Info.plist */,
			);
			path = App;
			sourceTree = "<group>";
		};
		F16925D025AC1707004138C3 /* BullsEyeTests */ = {
			isa = PBXGroup;
			children = (
				F16925D125AC1707004138C3 /* BullsEyeTests.swift */,
				F16925D325AC1707004138C3 /* Info.plist */,
			);
			path = BullsEyeTests;
			sourceTree = "<group>";
		};
		F1F8187525A7B4B500BF8EB3 = {
			isa = PBXGroup;
			children = (
				F1F8188025A7B4B600BF8EB3 /* BullsEye */,
				F16925D025AC1707004138C3 /* BullsEyeTests */,
				F1F8187F25A7B4B600BF8EB3 /* Products */,
			);
			sourceTree = "<group>";
		};
		F1F8187F25A7B4B600BF8EB3 /* Products */ = {
			isa = PBXGroup;
			children = (
				F1F8187E25A7B4B600BF8EB3 /* BullsEye.app */,
				F16925CF25AC1707004138C3 /* BullsEyeTests.xctest */,
			);
			name = Products;
			sourceTree = "<group>";
		};
		F1F8188025A7B4B600BF8EB3 /* BullsEye */ = {
			isa = PBXGroup;
			children = (
				F16925C525AC0CA2004138C3 /* App */,
				F16925C425AC0C96004138C3 /* Views */,
				F16925C325AC0C82004138C3 /* Models */,
				F1F8188725A7B4B700BF8EB3 /* Preview Content */,
			);
			path = BullsEye;
			sourceTree = "<group>";
		};
		F1F8188725A7B4B700BF8EB3 /* Preview Content */ = {
			isa = PBXGroup;
			children = (
				F1F8188825A7B4B700BF8EB3 /* Preview Assets.xcassets */,
			);
			path = "Preview Content";
			sourceTree = "<group>";
		};
/* End PBXGroup section */

/* Begin PBXNativeTarget section */
		F16925CE25AC1707004138C3 /* BullsEyeTests */ = {
			isa = PBXNativeTarget;
			buildConfigurationList = F16925D625AC1707004138C3 /* Build configuration list for PBXNativeTarget "BullsEyeTests" */;
			buildPhases = (
				F16925CB25AC1707004138C3 /* Sources */,
				F16925CC25AC1707004138C3 /* Frameworks */,
				F16925CD25AC1707004138C3 /* Resources */,
			);
			buildRules = (
			);
			dependencies = (
				F16925D525AC1707004138C3 /* PBXTargetDependency */,
			);
			name = BullsEyeTests;
			productName = BullsEyeTests;
			productReference = F16925CF25AC1707004138C3 /* BullsEyeTests.xctest */;
			productType = "com.apple.product-type.bundle.unit-test";
		};
		F1F8187D25A7B4B600BF8EB3 /* BullsEye */ = {
			isa = PBXNativeTarget;
			buildConfigurationList = F1F8188D25A7B4B800BF8EB3 /* Build configuration list for PBXNativeTarget "BullsEye" */;
			buildPhases = (
				F1F8187A25A7B4B600BF8EB3 /* Sources */,
				F1F8187B25A7B4B600BF8EB3 /* Frameworks */,
				F1F8187C25A7B4B600BF8EB3 /* Resources */,
			);
			buildRules = (
			);
			dependencies = (
			);
			name = BullsEye;
			productName = BullsEye;
			productReference = F1F8187E25A7B4B600BF8EB3 /* BullsEye.app */;
			productType = "com.apple.product-type.application";
		};
/* End PBXNativeTarget section */

/* Begin PBXProject section */
		F1F8187625A7B4B500BF8EB3 /* Project object */ = {
			isa = PBXProject;
			attributes = {
				LastSwiftUpdateCheck = 1220;
				LastUpgradeCheck = 1220;
				TargetAttributes = {
					F16925CE25AC1707004138C3 = {
						CreatedOnToolsVersion = 12.2;
						TestTargetID = F1F8187D25A7B4B600BF8EB3;
					};
					F1F8187D25A7B4B600BF8EB3 = {
						CreatedOnToolsVersion = 12.2;
					};
				};
			};
			buildConfigurationList = F1F8187925A7B4B500BF8EB3 /* Build configuration list for PBXProject "BullsEye" */;
			compatibilityVersion = "Xcode 9.3";
			developmentRegion = en;
			hasScannedForEncodings = 0;
			knownRegions = (
				en,
				Base,
			);
			mainGroup = F1F8187525A7B4B500BF8EB3;
			productRefGroup = F1F8187F25A7B4B600BF8EB3 /* Products */;
			projectDirPath = "";
			projectRoot = "";
			targets = (
				F1F8187D25A7B4B600BF8EB3 /* BullsEye */,
				F16925CE25AC1707004138C3 /* BullsEyeTests */,
			);
		};
/* End PBXProject section */

/* Begin PBXResourcesBuildPhase section */
		F16925CD25AC1707004138C3 /* Resources */ = {
			isa = PBXResourcesBuildPhase;
			buildActionMask = 2147483647;
			files = (
			);
			runOnlyForDeploymentPostprocessing = 0;
		};
		F1F8187C25A7B4B600BF8EB3 /* Resources */ = {
			isa = PBXResourcesBuildPhase;
			buildActionMask = 2147483647;
			files = (
				F1F8188925A7B4B700BF8EB3 /* Preview Assets.xcassets in Resources */,
				F1F8188625A7B4B700BF8EB3 /* Assets.xcassets in Resources */,
			);
			runOnlyForDeploymentPostprocessing = 0;
		};
/* End PBXResourcesBuildPhase section */

/* Begin PBXSourcesBuildPhase section */
		F16925CB25AC1707004138C3 /* Sources */ = {
			isa = PBXSourcesBuildPhase;
			buildActionMask = 2147483647;
			files = (
				F16925D225AC1707004138C3 /* BullsEyeTests.swift in Sources */,
			);
			runOnlyForDeploymentPostprocessing = 0;
		};
		F1F8187A25A7B4B600BF8EB3 /* Sources */ = {
			isa = PBXSourcesBuildPhase;
			buildActionMask = 2147483647;
			files = (
				F1F8188425A7B4B600BF8EB3 /* ContentView.swift in Sources */,
				F161253925CFA53A008C1561 /* TextViews.swift in Sources */,
				F161253D25CFA540008C1561 /* Shapes.swift in Sources */,
				F16925C925AC0D62004138C3 /* Game.swift in Sources */,
				F1F8188225A7B4B600BF8EB3 /* BullsEyeApp.swift in Sources */,
			);
			runOnlyForDeploymentPostprocessing = 0;
		};
/* End PBXSourcesBuildPhase section */

/* Begin PBXTargetDependency section */
		F16925D525AC1707004138C3 /* PBXTargetDependency */ = {
			isa = PBXTargetDependency;
			target = F1F8187D25A7B4B600BF8EB3 /* BullsEye */;
			targetProxy = F16925D425AC1707004138C3 /* PBXContainerItemProxy */;
		};
/* End PBXTargetDependency section */

/* Begin XCBuildConfiguration section */
		F16925D725AC1707004138C3 /* Debug */ = {
			isa = XCBuildConfiguration;
			buildSettings = {
				BUNDLE_LOADER = "$(TEST_HOST)";
				CODE_SIGN_STYLE = Automatic;
				DEVELOPMENT_TEAM = M6ZMYAC72H;
				INFOPLIST_FILE = BullsEyeTests/Info.plist;
				LD_RUNPATH_SEARCH_PATHS = (
					"$(inherited)",
					"@executable_path/Frameworks",
					"@loader_path/Frameworks",
				);
				PRODUCT_BUNDLE_IDENTIFIER = com.riaz.BullsEyeTests;
				PRODUCT_NAME = "$(TARGET_NAME)";
				SWIFT_VERSION = 5.0;
				TARGETED_DEVICE_FAMILY = "1,2";
				TEST_HOST = "$(BUILT_PRODUCTS_DIR)/BullsEye.app/BullsEye";
			};
			name = Debug;
		};
		F16925D825AC1707004138C3 /* Release */ = {
			isa = XCBuildConfiguration;
			buildSettings = {
				BUNDLE_LOADER = "$(TEST_HOST)";
				CODE_SIGN_STYLE = Automatic;
				DEVELOPMENT_TEAM = M6ZMYAC72H;
				INFOPLIST_FILE = BullsEyeTests/Info.plist;
				LD_RUNPATH_SEARCH_PATHS = (
					"$(inherited)",
					"@executable_path/Frameworks",
					"@loader_path/Frameworks",
				);
				PRODUCT_BUNDLE_IDENTIFIER = com.riaz.BullsEyeTests;
				PRODUCT_NAME = "$(TARGET_NAME)";
				SWIFT_VERSION = 5.0;
				TARGETED_DEVICE_FAMILY = "1,2";
				TEST_HOST = "$(BUILT_PRODUCTS_DIR)/BullsEye.app/BullsEye";
			};
			name = Release;
		};
		F1F8188B25A7B4B700BF8EB3 /* Debug */ = {
			isa = XCBuildConfiguration;
			buildSettings = {
				ALWAYS_SEARCH_USER_PATHS = NO;
				CLANG_ANALYZER_NONNULL = YES;
				CLANG_ANALYZER_NUMBER_OBJECT_CONVERSION = YES_AGGRESSIVE;
				CLANG_CXX_LANGUAGE_STANDARD = "gnu++14";
				CLANG_CXX_LIBRARY = "libc++";
				CLANG_ENABLE_MODULES = YES;
				CLANG_ENABLE_OBJC_ARC = YES;
				CLANG_ENABLE_OBJC_WEAK = YES;
				CLANG_WARN_BLOCK_CAPTURE_AUTORELEASING = YES;
				CLANG_WARN_BOOL_CONVERSION = YES;
				CLANG_WARN_COMMA = YES;
				CLANG_WARN_CONSTANT_CONVERSION = YES;
				CLANG_WARN_DEPRECATED_OBJC_IMPLEMENTATIONS = YES;
				CLANG_WARN_DIRECT_OBJC_ISA_USAGE = YES_ERROR;
				CLANG_WARN_DOCUMENTATION_COMMENTS = YES;
				CLANG_WARN_EMPTY_BODY = YES;
				CLANG_WARN_ENUM_CONVERSION = YES;
				CLANG_WARN_INFINITE_RECURSION = YES;
				CLANG_WARN_INT_CONVERSION = YES;
				CLANG_WARN_NON_LITERAL_NULL_CONVERSION = YES;
				CLANG_WARN_OBJC_IMPLICIT_RETAIN_SELF = YES;
				CLANG_WARN_OBJC_LITERAL_CONVERSION = YES;
				CLANG_WARN_OBJC_ROOT_CLASS = YES_ERROR;
				CLANG_WARN_QUOTED_INCLUDE_IN_FRAMEWORK_HEADER = YES;
				CLANG_WARN_RANGE_LOOP_ANALYSIS = YES;
				CLANG_WARN_STRICT_PROTOTYPES = YES;
				CLANG_WARN_SUSPICIOUS_MOVE = YES;
				CLANG_WARN_UNGUARDED_AVAILABILITY = YES_AGGRESSIVE;
				CLANG_WARN_UNREACHABLE_CODE = YES;
				CLANG_WARN__DUPLICATE_METHOD_MATCH = YES;
				COPY_PHASE_STRIP = NO;
				DEBUG_INFORMATION_FORMAT = dwarf;
				ENABLE_STRICT_OBJC_MSGSEND = YES;
				ENABLE_TESTABILITY = YES;
				GCC_C_LANGUAGE_STANDARD = gnu11;
				GCC_DYNAMIC_NO_PIC = NO;
				GCC_NO_COMMON_BLOCKS = YES;
				GCC_OPTIMIZATION_LEVEL = 0;
				GCC_PREPROCESSOR_DEFINITIONS = (
					"DEBUG=1",
					"$(inherited)",
				);
				GCC_WARN_64_TO_32_BIT_CONVERSION = YES;
				GCC_WARN_ABOUT_RETURN_TYPE = YES_ERROR;
				GCC_WARN_UNDECLARED_SELECTOR = YES;
				GCC_WARN_UNINITIALIZED_AUTOS = YES_AGGRESSIVE;
				GCC_WARN_UNUSED_FUNCTION = YES;
				GCC_WARN_UNUSED_VARIABLE = YES;
				IPHONEOS_DEPLOYMENT_TARGET = 14.2;
				MTL_ENABLE_DEBUG_INFO = INCLUDE_SOURCE;
				MTL_FAST_MATH = YES;
				ONLY_ACTIVE_ARCH = YES;
				SDKROOT = iphoneos;
				SWIFT_ACTIVE_COMPILATION_CONDITIONS = DEBUG;
				SWIFT_OPTIMIZATION_LEVEL = "-Onone";
			};
			name = Debug;
		};
		F1F8188C25A7B4B800BF8EB3 /* Release */ = {
			isa = XCBuildConfiguration;
			buildSettings = {
				ALWAYS_SEARCH_USER_PATHS = NO;
				CLANG_ANALYZER_NONNULL = YES;
				CLANG_ANALYZER_NUMBER_OBJECT_CONVERSION = YES_AGGRESSIVE;
				CLANG_CXX_LANGUAGE_STANDARD = "gnu++14";
				CLANG_CXX_LIBRARY = "libc++";
				CLANG_ENABLE_MODULES = YES;
				CLANG_ENABLE_OBJC_ARC = YES;
				CLANG_ENABLE_OBJC_WEAK = YES;
				CLANG_WARN_BLOCK_CAPTURE_AUTORELEASING = YES;
				CLANG_WARN_BOOL_CONVERSION = YES;
				CLANG_WARN_COMMA = YES;
				CLANG_WARN_CONSTANT_CONVERSION = YES;
				CLANG_WARN_DEPRECATED_OBJC_IMPLEMENTATIONS = YES;
				CLANG_WARN_DIRECT_OBJC_ISA_USAGE = YES_ERROR;
				CLANG_WARN_DOCUMENTATION_COMMENTS = YES;
				CLANG_WARN_EMPTY_BODY = YES;
				CLANG_WARN_ENUM_CONVERSION = YES;
				CLANG_WARN_INFINITE_RECURSION = YES;
				CLANG_WARN_INT_CONVERSION = YES;
				CLANG_WARN_NON_LITERAL_NULL_CONVERSION = YES;
				CLANG_WARN_OBJC_IMPLICIT_RETAIN_SELF = YES;
				CLANG_WARN_OBJC_LITERAL_CONVERSION = YES;
				CLANG_WARN_OBJC_ROOT_CLASS = YES_ERROR;
				CLANG_WARN_QUOTED_INCLUDE_IN_FRAMEWORK_HEADER = YES;
				CLANG_WARN_RANGE_LOOP_ANALYSIS = YES;
				CLANG_WARN_STRICT_PROTOTYPES = YES;
				CLANG_WARN_SUSPICIOUS_MOVE = YES;
				CLANG_WARN_UNGUARDED_AVAILABILITY = YES_AGGRESSIVE;
				CLANG_WARN_UNREACHABLE_CODE = YES;
				CLANG_WARN__DUPLICATE_METHOD_MATCH = YES;
				COPY_PHASE_STRIP = NO;
				DEBUG_INFORMATION_FORMAT = "dwarf-with-dsym";
				ENABLE_NS_ASSERTIONS = NO;
				ENABLE_STRICT_OBJC_MSGSEND = YES;
				GCC_C_LANGUAGE_STANDARD = gnu11;
				GCC_NO_COMMON_BLOCKS = YES;
				GCC_WARN_64_TO_32_BIT_CONVERSION = YES;
				GCC_WARN_ABOUT_RETURN_TYPE = YES_ERROR;
				GCC_WARN_UNDECLARED_SELECTOR = YES;
				GCC_WARN_UNINITIALIZED_AUTOS = YES_AGGRESSIVE;
				GCC_WARN_UNUSED_FUNCTION = YES;
				GCC_WARN_UNUSED_VARIABLE = YES;
				IPHONEOS_DEPLOYMENT_TARGET = 14.2;
				MTL_ENABLE_DEBUG_INFO = NO;
				MTL_FAST_MATH = YES;
				SDKROOT = iphoneos;
				SWIFT_COMPILATION_MODE = wholemodule;
				SWIFT_OPTIMIZATION_LEVEL = "-O";
				VALIDATE_PRODUCT = YES;
			};
			name = Release;
		};
		F1F8188E25A7B4B800BF8EB3 /* Debug */ = {
			isa = XCBuildConfiguration;
			buildSettings = {
				ASSETCATALOG_COMPILER_APPICON_NAME = AppIcon;
				ASSETCATALOG_COMPILER_GLOBAL_ACCENT_COLOR_NAME = AccentColor;
				CODE_SIGN_STYLE = Automatic;
				DEVELOPMENT_ASSET_PATHS = "\"BullsEye/Preview Content\"";
				DEVELOPMENT_TEAM = M6ZMYAC72H;
				ENABLE_PREVIEWS = YES;
				INFOPLIST_FILE = BullsEye/App/Info.plist;
				IPHONEOS_DEPLOYMENT_TARGET = 14.0;
				LD_RUNPATH_SEARCH_PATHS = (
					"$(inherited)",
					"@executable_path/Frameworks",
				);
				PRODUCT_BUNDLE_IDENTIFIER = com.riaz.BullsEye;
				PRODUCT_NAME = "$(TARGET_NAME)";
				SWIFT_VERSION = 5.0;
				TARGETED_DEVICE_FAMILY = "1,2";
			};
			name = Debug;
		};
		F1F8188F25A7B4B800BF8EB3 /* Release */ = {
			isa = XCBuildConfiguration;
			buildSettings = {
				ASSETCATALOG_COMPILER_APPICON_NAME = AppIcon;
				ASSETCATALOG_COMPILER_GLOBAL_ACCENT_COLOR_NAME = AccentColor;
				CODE_SIGN_STYLE = Automatic;
				DEVELOPMENT_ASSET_PATHS = "\"BullsEye/Preview Content\"";
				DEVELOPMENT_TEAM = M6ZMYAC72H;
				ENABLE_PREVIEWS = YES;
				INFOPLIST_FILE = BullsEye/App/Info.plist;
				IPHONEOS_DEPLOYMENT_TARGET = 14.0;
				LD_RUNPATH_SEARCH_PATHS = (
					"$(inherited)",
					"@executable_path/Frameworks",
				);
				PRODUCT_BUNDLE_IDENTIFIER = com.riaz.BullsEye;
				PRODUCT_NAME = "$(TARGET_NAME)";
				SWIFT_VERSION = 5.0;
				TARGETED_DEVICE_FAMILY = "1,2";
			};
			name = Release;
		};
/* End XCBuildConfiguration section */

/* Begin XCConfigurationList section */
		F16925D625AC1707004138C3 /* Build configuration list for PBXNativeTarget "BullsEyeTests" */ = {
			isa = XCConfigurationList;
			buildConfigurations = (
				F16925D725AC1707004138C3 /* Debug */,
				F16925D825AC1707004138C3 /* Release */,
			);
			defaultConfigurationIsVisible = 0;
			defaultConfigurationName = Release;
		};
		F1F8187925A7B4B500BF8EB3 /* Build configuration list for PBXProject "BullsEye" */ = {
			isa = XCConfigurationList;
			buildConfigurations = (
				F1F8188B25A7B4B700BF8EB3 /* Debug */,
				F1F8188C25A7B4B800BF8EB3 /* Release */,
			);
			defaultConfigurationIsVisible = 0;
			defaultConfigurationName = Release;
		};
		F1F8188D25A7B4B800BF8EB3 /* Build configuration list for PBXNativeTarget "BullsEye" */ = {
			isa = XCConfigurationList;
			buildConfigurations = (
				F1F8188E25A7B4B800BF8EB3 /* Debug */,
				F1F8188F25A7B4B800BF8EB3 /* Release */,
			);
			defaultConfigurationIsVisible = 0;
			defaultConfigurationName = Release;
		};
/* End XCConfigurationList section */
	};
	rootObject = F1F8187625A7B4B500BF8EB3 /* Project object */;
}
